version = 1
revision = 3
requires-python = "==3.12.*"

[[package]]
name = "asgiref"
version = "3.9.1"
source = { registry = "https://pypi.org/simple" }
sdist = { url = "https://files.pythonhosted.org/packages/90/61/0aa957eec22ff70b830b22ff91f825e70e1ef732c06666a805730f28b36b/asgiref-3.9.1.tar.gz", hash = "sha256:a5ab6582236218e5ef1648f242fd9f10626cfd4de8dc377db215d5d5098e3142", size = 36870, upload-time = "2025-07-08T09:07:43.344Z" }
wheels = [
    { url = "https://files.pythonhosted.org/packages/7c/3c/0464dcada90d5da0e71018c04a140ad6349558afb30b3051b4264cc5b965/asgiref-3.9.1-py3-none-any.whl", hash = "sha256:f3bba7092a48005b5f5bacd747d36ee4a5a61f4a269a6df590b43144355ebd2c", size = 23790, upload-time = "2025-07-08T09:07:41.548Z" },
]

[[package]]
name = "django"
version = "6.0"
source = { registry = "https://pypi.org/simple" }
dependencies = [
    { name = "asgiref" },
    { name = "sqlparse" },
    { name = "tzdata", marker = "sys_platform == 'win32'" },
]
sdist = { url = "https://files.pythonhosted.org/packages/15/75/19762bfc4ea556c303d9af8e36f0cd910ab17dff6c8774644314427a2120/django-6.0.tar.gz", hash = "sha256:7b0c1f50c0759bbe6331c6a39c89ae022a84672674aeda908784617ef47d8e26", size = 10932418, upload-time = "2025-12-03T16:26:21.878Z" }
wheels = [
    { url = "https://files.pythonhosted.org/packages/d7/ae/f19e24789a5ad852670d6885f5480f5e5895576945fcc01817dfd9bc002a/django-6.0-py3-none-any.whl", hash = "sha256:1cc2c7344303bbfb7ba5070487c17f7fc0b7174bbb0a38cebf03c675f5f19b6d", size = 8339181, upload-time = "2025-12-03T16:26:16.231Z" },
]

[[package]]
name = "mmh3"
version = "5.2.0"
source = { registry = "https://pypi.org/simple" }
sdist = { url = "https://files.pythonhosted.org/packages/a7/af/f28c2c2f51f31abb4725f9a64bc7863d5f491f6539bd26aee2a1d21a649e/mmh3-5.2.0.tar.gz", hash = "sha256:1efc8fec8478e9243a78bb993422cf79f8ff85cb4cf6b79647480a31e0d950a8", size = 33582, upload-time = "2025-07-29T07:43:48.49Z" }
wheels = [
    { url = "https://files.pythonhosted.org/packages/bf/6a/d5aa7edb5c08e0bd24286c7d08341a0446f9a2fbbb97d96a8a6dd81935ee/mmh3-5.2.0-cp312-cp312-macosx_10_13_universal2.whl", hash = "sha256:384eda9361a7bf83a85e09447e1feafe081034af9dd428893701b959230d84be", size = 56141, upload-time = "2025-07-29T07:42:13.456Z" },
    { url = "https://files.pythonhosted.org/packages/08/49/131d0fae6447bc4a7299ebdb1a6fb9d08c9f8dcf97d75ea93e8152ddf7ab/mmh3-5.2.0-cp312-cp312-macosx_10_13_x86_64.whl", hash = "sha256:2c9da0d568569cc87315cb063486d761e38458b8ad513fedd3dc9263e1b81bcd", size = 40681, upload-time = "2025-07-29T07:42:14.306Z" },
    { url = "https://files.pythonhosted.org/packages/8f/6f/9221445a6bcc962b7f5ff3ba18ad55bba624bacdc7aa3fc0a518db7da8ec/mmh3-5.2.0-cp312-cp312-macosx_11_0_arm64.whl", hash = "sha256:86d1be5d63232e6eb93c50881aea55ff06eb86d8e08f9b5417c8c9b10db9db96", size = 40062, upload-time = "2025-07-29T07:42:15.08Z" },
    { url = "https://files.pythonhosted.org/packages/1e/d4/6bb2d0fef81401e0bb4c297d1eb568b767de4ce6fc00890bc14d7b51ecc4/mmh3-5.2.0-cp312-cp312-manylinux1_i686.manylinux_2_28_i686.manylinux_2_5_i686.whl", hash = "sha256:bf7bee43e17e81671c447e9c83499f53d99bf440bc6d9dc26a841e21acfbe094", size = 97333, upload-time = "2025-07-29T07:42:16.436Z" },
    { url = "https://files.pythonhosted.org/packages/44/e0/ccf0daff8134efbb4fbc10a945ab53302e358c4b016ada9bf97a6bdd50c1/mmh3-5.2.0-cp312-cp312-manylinux1_x86_64.manylinux_2_28_x86_64.manylinux_2_5_x86_64.whl", hash = "sha256:7aa18cdb58983ee660c9c400b46272e14fa253c675ed963d3812487f8ca42037", size = 103310, upload-time = "2025-07-29T07:42:17.796Z" },
    { url = "https://files.pythonhosted.org/packages/02/63/1965cb08a46533faca0e420e06aff8bbaf9690a6f0ac6ae6e5b2e4544687/mmh3-5.2.0-cp312-cp312-manylinux2014_aarch64.manylinux_2_17_aarch64.manylinux_2_28_aarch64.whl", hash = "sha256:ae9d032488fcec32d22be6542d1a836f00247f40f320844dbb361393b5b22773", size = 106178, upload-time = "2025-07-29T07:42:19.281Z" },
    { url = "https://files.pythonhosted.org/packages/c2/41/c883ad8e2c234013f27f92061200afc11554ea55edd1bcf5e1accd803a85/mmh3-5.2.0-cp312-cp312-manylinux2014_ppc64le.manylinux_2_17_ppc64le.manylinux_2_28_ppc64le.whl", hash = "sha256:e1861fb6b1d0453ed7293200139c0a9011eeb1376632e048e3766945b13313c5", size = 113035, upload-time = "2025-07-29T07:42:20.356Z" },
    { url = "https://files.pythonhosted.org/packages/df/b5/1ccade8b1fa625d634a18bab7bf08a87457e09d5ec8cf83ca07cbea9d400/mmh3-5.2.0-cp312-cp312-manylinux2014_s390x.manylinux_2_17_s390x.manylinux_2_28_s390x.whl", hash = "sha256:99bb6a4d809aa4e528ddfe2c85dd5239b78b9dd14be62cca0329db78505e7b50", size = 120784, upload-time = "2025-07-29T07:42:21.377Z" },
    { url = "https://files.pythonhosted.org/packages/77/1c/919d9171fcbdcdab242e06394464ccf546f7d0f3b31e0d1e3a630398782e/mmh3-5.2.0-cp312-cp312-musllinux_1_2_aarch64.whl", hash = "sha256:1f8d8b627799f4e2fcc7c034fed8f5f24dc7724ff52f69838a3d6d15f1ad4765", size = 99137, upload-time = "2025-07-29T07:42:22.344Z" },
    { url = "https://files.pythonhosted.org/packages/66/8a/1eebef5bd6633d36281d9fc83cf2e9ba1ba0e1a77dff92aacab83001cee4/mmh3-5.2.0-cp312-cp312-musllinux_1_2_i686.whl", hash = "sha256:b5995088dd7023d2d9f310a0c67de5a2b2e06a570ecfd00f9ff4ab94a67cde43", size = 98664, upload-time = "2025-07-29T07:42:23.269Z" },
    { url = "https://files.pythonhosted.org/packages/13/41/a5d981563e2ee682b21fb65e29cc0f517a6734a02b581359edd67f9d0360/mmh3-5.2.0-cp312-cp312-musllinux_1_2_ppc64le.whl", hash = "sha256:1a5f4d2e59d6bba8ef01b013c472741835ad961e7c28f50c82b27c57748744a4", size = 106459, upload-time = "2025-07-29T07:42:24.238Z" },
    { url = "https://files.pythonhosted.org/packages/24/31/342494cd6ab792d81e083680875a2c50fa0c5df475ebf0b67784f13e4647/mmh3-5.2.0-cp312-cp312-musllinux_1_2_s390x.whl", hash = "sha256:fd6e6c3d90660d085f7e73710eab6f5545d4854b81b0135a3526e797009dbda3", size = 110038, upload-time = "2025-07-29T07:42:25.629Z" },
    { url = "https://files.pythonhosted.org/packages/28/44/efda282170a46bb4f19c3e2b90536513b1d821c414c28469a227ca5a1789/mmh3-5.2.0-cp312-cp312-musllinux_1_2_x86_64.whl", hash = "sha256:c4a2f3d83879e3de2eb8cbf562e71563a8ed15ee9b9c2e77ca5d9f73072ac15c", size = 97545, upload-time = "2025-07-29T07:42:27.04Z" },
    { url = "https://files.pythonhosted.org/packages/68/8f/534ae319c6e05d714f437e7206f78c17e66daca88164dff70286b0e8ea0c/mmh3-5.2.0-cp312-cp312-win32.whl", hash = "sha256:2421b9d665a0b1ad724ec7332fb5a98d075f50bc51a6ff854f3a1882bd650d49", size = 40805, upload-time = "2025-07-29T07:42:28.032Z" },
    { url = "https://files.pythonhosted.org/packages/b8/f6/f6abdcfefcedab3c964868048cfe472764ed358c2bf6819a70dd4ed4ed3a/mmh3-5.2.0-cp312-cp312-win_amd64.whl", hash = "sha256:72d80005b7634a3a2220f81fbeb94775ebd12794623bb2e1451701ea732b4aa3", size = 41597, upload-time = "2025-07-29T07:42:28.894Z" },
    { url = "https://files.pythonhosted.org/packages/15/fd/f7420e8cbce45c259c770cac5718badf907b302d3a99ec587ba5ce030237/mmh3-5.2.0-cp312-cp312-win_arm64.whl", hash = "sha256:3d6bfd9662a20c054bc216f861fa330c2dac7c81e7fb8307b5e32ab5b9b4d2e0", size = 39350, upload-time = "2025-07-29T07:42:29.794Z" },
]

[[package]]
name = "numpy"
version = "2.1.3"
source = { registry = "https://pypi.org/simple" }
sdist = { url = "https://files.pythonhosted.org/packages/25/ca/1166b75c21abd1da445b97bf1fa2f14f423c6cfb4fc7c4ef31dccf9f6a94/numpy-2.1.3.tar.gz", hash = "sha256:aa08e04e08aaf974d4458def539dece0d28146d866a39da5639596f4921fd761", size = 20166090, upload-time = "2024-11-02T17:48:55.832Z" }
wheels = [
    { url = "https://files.pythonhosted.org/packages/8a/f0/385eb9970309643cbca4fc6eebc8bb16e560de129c91258dfaa18498da8b/numpy-2.1.3-cp312-cp312-macosx_10_13_x86_64.whl", hash = "sha256:f55ba01150f52b1027829b50d70ef1dafd9821ea82905b63936668403c3b471e", size = 20849658, upload-time = "2024-11-02T17:37:23.919Z" },
    { url = "https://files.pythonhosted.org/packages/54/4a/765b4607f0fecbb239638d610d04ec0a0ded9b4951c56dc68cef79026abf/numpy-2.1.3-cp312-cp312-macosx_11_0_arm64.whl", hash = "sha256:13138eadd4f4da03074851a698ffa7e405f41a0845a6b1ad135b81596e4e9958", size = 13492258, upload-time = "2024-11-02T17:37:45.252Z" },
    { url = "https://files.pythonhosted.org/packages/bd/a7/2332679479c70b68dccbf4a8eb9c9b5ee383164b161bee9284ac141fbd33/numpy-2.1.3-cp312-cp312-macosx_14_0_arm64.whl", hash = "sha256:a6b46587b14b888e95e4a24d7b13ae91fa22386c199ee7b418f449032b2fa3b8", size = 5090249, upload-time = "2024-11-02T17:37:54.252Z" },
    { url = "https://files.pythonhosted.org/packages/c1/67/4aa00316b3b981a822c7a239d3a8135be2a6945d1fd11d0efb25d361711a/numpy-2.1.3-cp312-cp312-macosx_14_0_x86_64.whl", hash = "sha256:0fa14563cc46422e99daef53d725d0c326e99e468a9320a240affffe87852564", size = 6621704, upload-time = "2024-11-02T17:38:05.127Z" },
    { url = "https://files.pythonhosted.org/packages/5e/da/1a429ae58b3b6c364eeec93bf044c532f2ff7b48a52e41050896cf15d5b1/numpy-2.1.3-cp312-cp312-manylinux_2_17_aarch64.manylinux2014_aarch64.whl", hash = "sha256:8637dcd2caa676e475503d1f8fdb327bc495554e10838019651b76d17b98e512", size = 13606089, upload-time = "2024-11-02T17:38:25.997Z" },
    { url = "https://files.pythonhosted.org/packages/9e/3e/3757f304c704f2f0294a6b8340fcf2be244038be07da4cccf390fa678a9f/numpy-2.1.3-cp312-cp312-manylinux_2_17_x86_64.manylinux2014_x86_64.whl", hash = "sha256:2312b2aa89e1f43ecea6da6ea9a810d06aae08321609d8dc0d0eda6d946a541b", size = 16043185, upload-time = "2024-11-02T17:38:51.07Z" },
    { url = "https://files.pythonhosted.org/packages/43/97/75329c28fea3113d00c8d2daf9bc5828d58d78ed661d8e05e234f86f0f6d/numpy-2.1.3-cp312-cp312-musllinux_1_1_x86_64.whl", hash = "sha256:a38c19106902bb19351b83802531fea19dee18e5b37b36454f27f11ff956f7fc", size = 16410751, upload-time = "2024-11-02T17:39:15.801Z" },
    { url = "https://files.pythonhosted.org/packages/ad/7a/442965e98b34e0ae9da319f075b387bcb9a1e0658276cc63adb8c9686f7b/numpy-2.1.3-cp312-cp312-musllinux_1_2_aarch64.whl", hash = "sha256:02135ade8b8a84011cbb67dc44e07c58f28575cf9ecf8ab304e51c05528c19f0", size = 14082705, upload-time = "2024-11-02T17:39:38.274Z" },
    { url = "https://files.pythonhosted.org/packages/ac/b6/26108cf2cfa5c7e03fb969b595c93131eab4a399762b51ce9ebec2332e80/numpy-2.1.3-cp312-cp312-win32.whl", hash = "sha256:e6988e90fcf617da2b5c78902fe8e668361b43b4fe26dbf2d7b0f8034d4cafb9", size = 6239077, upload-time = "2024-11-02T17:39:49.299Z" },
    { url = "https://files.pythonhosted.org/packages/a6/84/fa11dad3404b7634aaab50733581ce11e5350383311ea7a7010f464c0170/numpy-2.1.3-cp312-cp312-win_amd64.whl", hash = "sha256:0d30c543f02e84e92c4b1f415b7c6b5326cbe45ee7882b6b77db7195fb971e3a", size = 12566858, upload-time = "2024-11-02T17:40:08.851Z" },
]

[[package]]
name = "pandas"
version = "2.2.3"
source = { registry = "https://pypi.org/simple" }
dependencies = [
    { name = "numpy" },
    { name = "python-dateutil" },
    { name = "pytz" },
    { name = "tzdata" },
]
sdist = { url = "https://files.pythonhosted.org/packages/9c/d6/9f8431bacc2e19dca897724cd097b1bb224a6ad5433784a44b587c7c13af/pandas-2.2.3.tar.gz", hash = "sha256:4f18ba62b61d7e192368b84517265a99b4d7ee8912f8708660fb4a366cc82667", size = 4399213, upload-time = "2024-09-20T13:10:04.827Z" }
wheels = [
    { url = "https://files.pythonhosted.org/packages/17/a3/fb2734118db0af37ea7433f57f722c0a56687e14b14690edff0cdb4b7e58/pandas-2.2.3-cp312-cp312-macosx_10_9_x86_64.whl", hash = "sha256:b1d432e8d08679a40e2a6d8b2f9770a5c21793a6f9f47fdd52c5ce1948a5a8a9", size = 12529893, upload-time = "2024-09-20T13:09:09.655Z" },
    { url = "https://files.pythonhosted.org/packages/e1/0c/ad295fd74bfac85358fd579e271cded3ac969de81f62dd0142c426b9da91/pandas-2.2.3-cp312-cp312-macosx_11_0_arm64.whl", hash = "sha256:a5a1595fe639f5988ba6a8e5bc9649af3baf26df3998a0abe56c02609392e0a4", size = 11363475, upload-time = "2024-09-20T13:09:14.718Z" },
    { url = "https://files.pythonhosted.org/packages/c6/2a/4bba3f03f7d07207481fed47f5b35f556c7441acddc368ec43d6643c5777/pandas-2.2.3-cp312-cp312-manylinux2014_aarch64.manylinux_2_17_aarch64.whl", hash = "sha256:5de54125a92bb4d1c051c0659e6fcb75256bf799a732a87184e5ea503965bce3", size = 15188645, upload-time = "2024-09-20T19:02:03.88Z" },
    { url = "https://files.pythonhosted.org/packages/38/f8/d8fddee9ed0d0c0f4a2132c1dfcf0e3e53265055da8df952a53e7eaf178c/pandas-2.2.3-cp312-cp312-manylinux_2_17_x86_64.manylinux2014_x86_64.whl", hash = "sha256:fffb8ae78d8af97f849404f21411c95062db1496aeb3e56f146f0355c9989319", size = 12739445, upload-time = "2024-09-20T13:09:17.621Z" },
    { url = "https://files.pythonhosted.org/packages/20/e8/45a05d9c39d2cea61ab175dbe6a2de1d05b679e8de2011da4ee190d7e748/pandas-2.2.3-cp312-cp312-musllinux_1_2_aarch64.whl", hash = "sha256:6dfcb5ee8d4d50c06a51c2fffa6cff6272098ad6540aed1a76d15fb9318194d8", size = 16359235, upload-time = "2024-09-20T19:02:07.094Z" },
    { url = "https://files.pythonhosted.org/packages/1d/99/617d07a6a5e429ff90c90da64d428516605a1ec7d7bea494235e1c3882de/pandas-2.2.3-cp312-cp312-musllinux_1_2_x86_64.whl", hash = "sha256:062309c1b9ea12a50e8ce661145c6aab431b1e99530d3cd60640e255778bd43a", size = 14056756, upload-time = "2024-09-20T13:09:20.474Z" },
    { url = "https://files.pythonhosted.org/packages/29/d4/1244ab8edf173a10fd601f7e13b9566c1b525c4f365d6bee918e68381889/pandas-2.2.3-cp312-cp312-win_amd64.whl", hash = "sha256:59ef3764d0fe818125a5097d2ae867ca3fa64df032331b7e0917cf5d7bf66b13", size = 11504248, upload-time = "2024-09-20T13:09:23.137Z" },
]

[[package]]
name = "psycopg2-binary"
version = "2.9.11"
source = { registry = "https://pypi.org/simple" }
sdist = { url = "https://files.pythonhosted.org/packages/ac/6c/8767aaa597ba424643dc87348c6f1754dd9f48e80fdc1b9f7ca5c3a7c213/psycopg2-binary-2.9.11.tar.gz", hash = "sha256:b6aed9e096bf63f9e75edf2581aa9a7e7186d97ab5c177aa6c87797cd591236c", size = 379620, upload-time = "2025-10-10T11:14:48.041Z" }
wheels = [
    { url = "https://files.pythonhosted.org/packages/d8/91/f870a02f51be4a65987b45a7de4c2e1897dd0d01051e2b559a38fa634e3e/psycopg2_binary-2.9.11-cp312-cp312-macosx_10_13_x86_64.whl", hash = "sha256:be9b840ac0525a283a96b556616f5b4820e0526addb8dcf6525a0fa162730be4", size = 3756603, upload-time = "2025-10-10T11:11:52.213Z" },
    { url = "https://files.pythonhosted.org/packages/27/fa/cae40e06849b6c9a95eb5c04d419942f00d9eaac8d81626107461e268821/psycopg2_binary-2.9.11-cp312-cp312-macosx_11_0_arm64.whl", hash = "sha256:f090b7ddd13ca842ebfe301cd587a76a4cf0913b1e429eb92c1be5dbeb1a19bc", size = 3864509, upload-time = "2025-10-10T11:11:56.452Z" },
    { url = "https://files.pythonhosted.org/packages/2d/75/364847b879eb630b3ac8293798e380e441a957c53657995053c5ec39a316/psycopg2_binary-2.9.11-cp312-cp312-manylinux2014_aarch64.manylinux_2_17_aarch64.whl", hash = "sha256:ab8905b5dcb05bf3fb22e0cf90e10f469563486ffb6a96569e51f897c750a76a", size = 4411159, upload-time = "2025-10-10T11:12:00.49Z" },
    { url = "https://files.pythonhosted.org/packages/6f/a0/567f7ea38b6e1c62aafd58375665a547c00c608a471620c0edc364733e13/psycopg2_binary-2.9.11-cp312-cp312-manylinux2014_ppc64le.manylinux_2_17_ppc64le.whl", hash = "sha256:bf940cd7e7fec19181fdbc29d76911741153d51cab52e5c21165f3262125685e", size = 4468234, upload-time = "2025-10-10T11:12:04.892Z" },
    { url = "https://files.pythonhosted.org/packages/30/da/4e42788fb811bbbfd7b7f045570c062f49e350e1d1f3df056c3fb5763353/psycopg2_binary-2.9.11-cp312-cp312-manylinux2014_x86_64.manylinux_2_17_x86_64.whl", hash = "sha256:fa0f693d3c68ae925966f0b14b8edda71696608039f4ed61b1fe9ffa468d16db", size = 4166236, upload-time = "2025-10-10T11:12:11.674Z" },
    { url = "https://files.pythonhosted.org/packages/3c/94/c1777c355bc560992af848d98216148be5f1be001af06e06fc49cbded578/psycopg2_binary-2.9.11-cp312-cp312-manylinux_2_38_riscv64.manylinux_2_39_riscv64.whl", hash = "sha256:a1cf393f1cdaf6a9b57c0a719a1068ba1069f022a59b8b1fe44b006745b59757", size = 3983083, upload-time = "2025-10-30T02:55:15.73Z" },
    { url = "https://files.pythonhosted.org/packages/bd/42/c9a21edf0e3daa7825ed04a4a8588686c6c14904344344a039556d78aa58/psycopg2_binary-2.9.11-cp312-cp312-musllinux_1_2_aarch64.whl", hash = "sha256:ef7a6beb4beaa62f88592ccc65df20328029d721db309cb3250b0aae0fa146c3", size = 3652281, upload-time = "2025-10-10T11:12:17.713Z" },
    { url = "https://files.pythonhosted.org/packages/12/22/dedfbcfa97917982301496b6b5e5e6c5531d1f35dd2b488b08d1ebc52482/psycopg2_binary-2.9.11-cp312-cp312-musllinux_1_2_ppc64le.whl", hash = "sha256:31b32c457a6025e74d233957cc9736742ac5a6cb196c6b68499f6bb51390bd6a", size = 3298010, upload-time = "2025-10-10T11:12:22.671Z" },
    { url = "https://files.pythonhosted.org/packages/66/ea/d3390e6696276078bd01b2ece417deac954dfdd552d2edc3d03204416c0c/psycopg2_binary-2.9.11-cp312-cp312-musllinux_1_2_riscv64.whl", hash = "sha256:edcb3aeb11cb4bf13a2af3c53a15b3d612edeb6409047ea0b5d6a21a9d744b34", size = 3044641, upload-time = "2025-10-30T02:55:19.929Z" },
    { url = "https://files.pythonhosted.org/packages/12/9a/0402ded6cbd321da0c0ba7d34dc12b29b14f5764c2fc10750daa38e825fc/psycopg2_binary-2.9.11-cp312-cp312-musllinux_1_2_x86_64.whl", hash = "sha256:62b6d93d7c0b61a1dd6197d208ab613eb7dcfdcca0a49c42ceb082257991de9d", size = 3347940, upload-time = "2025-10-10T11:12:26.529Z" },
    { url = "https://files.pythonhosted.org/packages/b1/d2/99b55e85832ccde77b211738ff3925a5d73ad183c0b37bcbbe5a8ff04978/psycopg2_binary-2.9.11-cp312-cp312-win_amd64.whl", hash = "sha256:b33fabeb1fde21180479b2d4667e994de7bbf0eec22832ba5d9b5e4cf65b6c6d", size = 2714147, upload-time = "2025-10-10T11:12:29.535Z" },
]

[[package]]
name = "psycopg2-pool"
version = "1.2"
source = { registry = "https://pypi.org/simple" }
dependencies = [
    { name = "psycopg2-binary" },
]
sdist = { url = "https://files.pythonhosted.org/packages/ba/8f/a5ae396ec7aa955e9d234b7d38ae3e975a47fbf45c7f4571be4b0e7473b4/psycopg2-pool-1.2.tar.gz", hash = "sha256:e9ec38d5af15b7cef5546452797935129c99482b25646f258a21786bfb826bf3", size = 11385, upload-time = "2024-01-15T11:55:30.469Z" }
wheels = [
    { url = "https://files.pythonhosted.org/packages/e6/37/99fc8b2725df9b9c3df8a184209480290d1300cd7a4cb14ed6b29ce6ef9e/psycopg2_pool-1.2-py2.py3-none-any.whl", hash = "sha256:3c8251f6fac3145eb4c5bf3407bb61543dbbcbb8117af1341cd7a8b5468aedbb", size = 7349, upload-time = "2024-01-15T11:55:29.222Z" },
]

[[package]]
name = "python-dateutil"
version = "2.9.0.post0"
source = { registry = "https://pypi.org/simple" }
dependencies = [
    { name = "six" },
]
sdist = { url = "https://files.pythonhosted.org/packages/66/c0/0c8b6ad9f17a802ee498c46e004a0eb49bc148f2fd230864601a86dcf6db/python-dateutil-2.9.0.post0.tar.gz", hash = "sha256:37dd54208da7e1cd875388217d5e00ebd4179249f90fb72437e91a35459a0ad3", size = 342432, upload-time = "2024-03-01T18:36:20.211Z" }
wheels = [
    { url = "https://files.pythonhosted.org/packages/ec/57/56b9bcc3c9c6a792fcbaf139543cee77261f3651ca9da0c93f5c1221264b/python_dateutil-2.9.0.post0-py2.py3-none-any.whl", hash = "sha256:a8b2bc7bffae282281c8140a97d3aa9c14da0b136dfe83f850eea9a5f7470427", size = 229892, upload-time = "2024-03-01T18:36:18.57Z" },
]

[[package]]
name = "python-dotenv"
version = "1.2.1"
source = { registry = "https://pypi.org/simple" }
sdist = { url = "https://files.pythonhosted.org/packages/f0/26/19cadc79a718c5edbec86fd4919a6b6d3f681039a2f6d66d14be94e75fb9/python_dotenv-1.2.1.tar.gz", hash = "sha256:42667e897e16ab0d66954af0e60a9caa94f0fd4ecf3aaf6d2d260eec1aa36ad6", size = 44221, upload-time = "2025-10-26T15:12:10.434Z" }
wheels = [
    { url = "https://files.pythonhosted.org/packages/14/1b/a298b06749107c305e1fe0f814c6c74aea7b2f1e10989cb30f544a1b3253/python_dotenv-1.2.1-py3-none-any.whl", hash = "sha256:b81ee9561e9ca4004139c6cbba3a238c32b03e4894671e181b671e8cb8425d61", size = 21230, upload-time = "2025-10-26T15:12:09.109Z" },
]

[[package]]
name = "pytz"
version = "2025.2"
source = { registry = "https://pypi.org/simple" }
sdist = { url = "https://files.pythonhosted.org/packages/f8/bf/abbd3cdfb8fbc7fb3d4d38d320f2441b1e7cbe29be4f23797b4a2b5d8aac/pytz-2025.2.tar.gz", hash = "sha256:360b9e3dbb49a209c21ad61809c7fb453643e048b38924c765813546746e81c3", size = 320884, upload-time = "2025-03-25T02:25:00.538Z" }
wheels = [
    { url = "https://files.pythonhosted.org/packages/81/c4/34e93fe5f5429d7570ec1fa436f1986fb1f00c3e0f43a589fe2bbcd22c3f/pytz-2025.2-py2.py3-none-any.whl", hash = "sha256:5ddf76296dd8c44c26eb8f4b6f35488f3ccbf6fbbd7adee0b7262d43f0ec2f00", size = 509225, upload-time = "2025-03-25T02:24:58.468Z" },
]

[[package]]
name = "rating-b"
version = "0.1.0"
source = { editable = "." }
dependencies = [
    { name = "django" },
    { name = "mmh3" },
    { name = "pandas" },
    { name = "psycopg2-binary" },
    { name = "psycopg2-pool" },
    { name = "python-dotenv" },
]

[package.dev-dependencies]
dev = [
    { name = "ruff" },
]

[package.metadata]
requires-dist = [
    { name = "django", specifier = "==6.0" },
    { name = "mmh3", specifier = "==5.2.0" },
    { name = "pandas", specifier = "==2.2.3" },
    { name = "psycopg2-binary", specifier = "==2.9.11" },
    { name = "psycopg2-pool", specifier = "==1.2" },
    { name = "python-dotenv", specifier = "==1.2.1" },
]

[package.metadata.requires-dev]
dev = [{ name = "ruff", specifier = ">=0.12.9" }]

[[package]]
name = "ruff"
version = "0.14.2"
source = { registry = "https://pypi.org/simple" }
sdist = { url = "https://files.pythonhosted.org/packages/ee/34/8218a19b2055b80601e8fd201ec723c74c7fe1ca06d525a43ed07b6d8e85/ruff-0.14.2.tar.gz", hash = "sha256:98da787668f239313d9c902ca7c523fe11b8ec3f39345553a51b25abc4629c96", size = 5539663, upload-time = "2025-10-23T19:37:00.956Z" }
wheels = [
    { url = "https://files.pythonhosted.org/packages/16/dd/23eb2db5ad9acae7c845700493b72d3ae214dce0b226f27df89216110f2b/ruff-0.14.2-py3-none-linux_armv6l.whl", hash = "sha256:7cbe4e593505bdec5884c2d0a4d791a90301bc23e49a6b1eb642dd85ef9c64f1", size = 12533390, upload-time = "2025-10-23T19:36:18.044Z" },
    { url = "https://files.pythonhosted.org/packages/5a/8c/5f9acff43ddcf3f85130d0146d0477e28ccecc495f9f684f8f7119b74c0d/ruff-0.14.2-py3-none-macosx_10_12_x86_64.whl", hash = "sha256:8d54b561729cee92f8d89c316ad7a3f9705533f5903b042399b6ae0ddfc62e11", size = 12887187, upload-time = "2025-10-23T19:36:22.664Z" },
    { url = "https://files.pythonhosted.org/packages/99/fa/047646491479074029665022e9f3dc6f0515797f40a4b6014ea8474c539d/ruff-0.14.2-py3-none-macosx_11_0_arm64.whl", hash = "sha256:5c8753dfa44ebb2cde10ce5b4d2ef55a41fb9d9b16732a2c5df64620dbda44a3", size = 11925177, upload-time = "2025-10-23T19:36:24.778Z" },
    { url = "https://files.pythonhosted.org/packages/15/8b/c44cf7fe6e59ab24a9d939493a11030b503bdc2a16622cede8b7b1df0114/ruff-0.14.2-py3-none-manylinux_2_17_aarch64.manylinux2014_aarch64.whl", hash = "sha256:3d0bbeffb8d9f4fccf7b5198d566d0bad99a9cb622f1fc3467af96cb8773c9e3", size = 12358285, upload-time = "2025-10-23T19:36:26.979Z" },
    { url = "https://files.pythonhosted.org/packages/45/01/47701b26254267ef40369aea3acb62a7b23e921c27372d127e0f3af48092/ruff-0.14.2-py3-none-manylinux_2_17_armv7l.manylinux2014_armv7l.whl", hash = "sha256:7047f0c5a713a401e43a88d36843d9c83a19c584e63d664474675620aaa634a8", size = 12303832, upload-time = "2025-10-23T19:36:29.192Z" },
    { url = "https://files.pythonhosted.org/packages/2d/5c/ae7244ca4fbdf2bee9d6405dcd5bc6ae51ee1df66eb7a9884b77b8af856d/ruff-0.14.2-py3-none-manylinux_2_17_i686.manylinux2014_i686.whl", hash = "sha256:3bf8d2f9aa1602599217d82e8e0af7fd33e5878c4d98f37906b7c93f46f9a839", size = 13036995, upload-time = "2025-10-23T19:36:31.861Z" },
    { url = "https://files.pythonhosted.org/packages/27/4c/0860a79ce6fd4c709ac01173f76f929d53f59748d0dcdd662519835dae43/ruff-0.14.2-py3-none-manylinux_2_17_ppc64.manylinux2014_ppc64.whl", hash = "sha256:1c505b389e19c57a317cf4b42db824e2fca96ffb3d86766c1c9f8b96d32048a7", size = 14512649, upload-time = "2025-10-23T19:36:33.915Z" },
    { url = "https://files.pythonhosted.org/packages/7f/7f/d365de998069720a3abfc250ddd876fc4b81a403a766c74ff9bde15b5378/ruff-0.14.2-py3-none-manylinux_2_17_ppc64le.manylinux2014_ppc64le.whl", hash = "sha256:a307fc45ebd887b3f26b36d9326bb70bf69b01561950cdcc6c0bdf7bb8e0f7cc", size = 14088182, upload-time = "2025-10-23T19:36:36.983Z" },
    { url = "https://files.pythonhosted.org/packages/6c/ea/d8e3e6b209162000a7be1faa41b0a0c16a133010311edc3329753cc6596a/ruff-0.14.2-py3-none-manylinux_2_17_s390x.manylinux2014_s390x.whl", hash = "sha256:61ae91a32c853172f832c2f40bd05fd69f491db7289fb85a9b941ebdd549781a", size = 13599516, upload-time = "2025-10-23T19:36:39.208Z" },
    { url = "https://files.pythonhosted.org/packages/fa/ea/c7810322086db68989fb20a8d5221dd3b79e49e396b01badca07b433ab45/ruff-0.14.2-py3-none-manylinux_2_17_x86_64.manylinux2014_x86_64.whl", hash = "sha256:bc1967e40286f63ee23c615e8e7e98098dedc7301568bd88991f6e544d8ae096", size = 13272690, upload-time = "2025-10-23T19:36:41.453Z" },
    { url = "https://files.pythonhosted.org/packages/a9/39/10b05acf8c45786ef501d454e00937e1b97964f846bf28883d1f9619928a/ruff-0.14.2-py3-none-manylinux_2_31_riscv64.whl", hash = "sha256:2877f02119cdebf52a632d743a2e302dea422bfae152ebe2f193d3285a3a65df", size = 13496497, upload-time = "2025-10-23T19:36:43.61Z" },
    { url = "https://files.pythonhosted.org/packages/59/a1/1f25f8301e13751c30895092485fada29076e5e14264bdacc37202e85d24/ruff-0.14.2-py3-none-musllinux_1_2_aarch64.whl", hash = "sha256:e681c5bc777de5af898decdcb6ba3321d0d466f4cb43c3e7cc2c3b4e7b843a05", size = 12266116, upload-time = "2025-10-23T19:36:45.625Z" },
    { url = "https://files.pythonhosted.org/packages/5c/fa/0029bfc9ce16ae78164e6923ef392e5f173b793b26cc39aa1d8b366cf9dc/ruff-0.14.2-py3-none-musllinux_1_2_armv7l.whl", hash = "sha256:e21be42d72e224736f0c992cdb9959a2fa53c7e943b97ef5d081e13170e3ffc5", size = 12281345, upload-time = "2025-10-23T19:36:47.618Z" },
    { url = "https://files.pythonhosted.org/packages/a5/ab/ece7baa3c0f29b7683be868c024f0838770c16607bea6852e46b202f1ff6/ruff-0.14.2-py3-none-musllinux_1_2_i686.whl", hash = "sha256:b8264016f6f209fac16262882dbebf3f8be1629777cf0f37e7aff071b3e9b92e", size = 12629296, upload-time = "2025-10-23T19:36:49.789Z" },
    { url = "https://files.pythonhosted.org/packages/a4/7f/638f54b43f3d4e48c6a68062794e5b367ddac778051806b9e235dfb7aa81/ruff-0.14.2-py3-none-musllinux_1_2_x86_64.whl", hash = "sha256:5ca36b4cb4db3067a3b24444463ceea5565ea78b95fe9a07ca7cb7fd16948770", size = 13371610, upload-time = "2025-10-23T19:36:51.882Z" },
    { url = "https://files.pythonhosted.org/packages/8d/35/3654a973ebe5b32e1fd4a08ed2d46755af7267da7ac710d97420d7b8657d/ruff-0.14.2-py3-none-win32.whl", hash = "sha256:41775927d287685e08f48d8eb3f765625ab0b7042cc9377e20e64f4eb0056ee9", size = 12415318, upload-time = "2025-10-23T19:36:53.961Z" },
    { url = "https://files.pythonhosted.org/packages/71/30/3758bcf9e0b6a4193a6f51abf84254aba00887dfa8c20aba18aa366c5f57/ruff-0.14.2-py3-none-win_amd64.whl", hash = "sha256:0df3424aa5c3c08b34ed8ce099df1021e3adaca6e90229273496b839e5a7e1af", size = 13565279, upload-time = "2025-10-23T19:36:56.578Z" },
    { url = "https://files.pythonhosted.org/packages/2e/5d/aa883766f8ef9ffbe6aa24f7192fb71632f31a30e77eb39aa2b0dc4290ac/ruff-0.14.2-py3-none-win_arm64.whl", hash = "sha256:ea9d635e83ba21569fbacda7e78afbfeb94911c9434aff06192d9bc23fd5495a", size = 12554956, upload-time = "2025-10-23T19:36:58.714Z" },
]

[[package]]
name = "six"
version = "1.16.0"
source = { registry = "https://pypi.org/simple" }
sdist = { url = "https://files.pythonhosted.org/packages/71/39/171f1c67cd00715f190ba0b100d606d440a28c93c7714febeca8b79af85e/six-1.16.0.tar.gz", hash = "sha256:1e61c37477a1626458e36f7b1d82aa5c9b094fa4802892072e49de9c60c4c926", size = 34041, upload-time = "2021-05-05T14:18:18.379Z" }
wheels = [
    { url = "https://files.pythonhosted.org/packages/d9/5a/e7c31adbe875f2abbb91bd84cf2dc52d792b5a01506781dbcf25c91daf11/six-1.16.0-py2.py3-none-any.whl", hash = "sha256:8abb2f1d86890a2dfb989f9a77cfcfd3e47c2a354b01111771326f8aa26e0254", size = 11053, upload-time = "2021-05-05T14:18:17.237Z" },
]

[[package]]
name = "sqlparse"
version = "0.5.3"
source = { registry = "https://pypi.org/simple" }
sdist = { url = "https://files.pythonhosted.org/packages/e5/40/edede8dd6977b0d3da179a342c198ed100dd2aba4be081861ee5911e4da4/sqlparse-0.5.3.tar.gz", hash = "sha256:09f67787f56a0b16ecdbde1bfc7f5d9c3371ca683cfeaa8e6ff60b4807ec9272", size = 84999, upload-time = "2024-12-10T12:05:30.728Z" }
wheels = [
    { url = "https://files.pythonhosted.org/packages/a9/5c/bfd6bd0bf979426d405cc6e71eceb8701b148b16c21d2dc3c261efc61c7b/sqlparse-0.5.3-py3-none-any.whl", hash = "sha256:cf2196ed3418f3ba5de6af7e82c694a9fbdbfecccdfc72e281548517081f16ca", size = 44415, upload-time = "2024-12-10T12:05:27.824Z" },
]

[[package]]
name = "tzdata"
version = "2025.2"
source = { registry = "https://pypi.org/simple" }
sdist = { url = "https://files.pythonhosted.org/packages/95/32/1a225d6164441be760d75c2c42e2780dc0873fe382da3e98a2e1e48361e5/tzdata-2025.2.tar.gz", hash = "sha256:b60a638fcc0daffadf82fe0f57e53d06bdec2f36c4df66280ae79bce6bd6f2b9", size = 196380, upload-time = "2025-03-23T13:54:43.652Z" }
wheels = [
    { url = "https://files.pythonhosted.org/packages/5c/23/c7abc0ca0a1526a0774eca151daeb8de62ec457e77262b66b359c3c7679e/tzdata-2025.2-py2.py3-none-any.whl", hash = "sha256:1a403fada01ff9221ca8044d701868fa132215d84beb92242d9acd2147f667a8", size = 347839, upload-time = "2025-03-23T13:54:41.845Z" },
]
